
Microsoft Visual Studio Solution File, Format Version 12.00
# Visual Studio Version 17
VisualStudioVersion = 17.5.2.0
MinimumVisualStudioVersion = 10.0.40219.1
Project("{FAE04EC0-301F-11D3-BF4B-00C04F79EFBC}") = "MyImmo", "MyImmo.csproj", "{7D370583-2451-E60C-F6C8-3D4E4FD93E8D}"
EndProject
Project("{FAE04EC0-301F-11D3-BF4B-00C04F79EFBC}") = "MyImmo.Tests", "MyImmo.Tests\MyImmo.Tests.csproj", "{E1C8FC69-2EB5-48A5-A48C-3B25022E4384}"
EndProject
Project("{FAE04EC0-301F-11D3-BF4B-00C04F79EFBC}") = "MyImmo.IntegrationTests", "MyImmo.IntegrationTests\MyImmo.IntegrationTests.csproj", "{83CDF74F-FE08-4365-AE89-E0CB9C2117A2}"
EndProject
Global
	GlobalSection(SolutionConfigurationPlatforms) = preSolution
		Debug|Any CPU = Debug|Any CPU
		Debug|x64 = Debug|x64
		Debug|x86 = Debug|x86
		Release|Any CPU = Release|Any CPU
		Release|x64 = Release|x64
		Release|x86 = Release|x86
	EndGlobalSection
	GlobalSection(ProjectConfigurationPlatforms) = postSolution
		{7D370583-2451-E60C-F6C8-3D4E4FD93E8D}.Debug|Any CPU.ActiveCfg = Debug|Any CPU
		{7D370583-2451-E60C-F6C8-3D4E4FD93E8D}.Debug|Any CPU.Build.0 = Debug|Any CPU
		{7D370583-2451-E60C-F6C8-3D4E4FD93E8D}.Debug|x64.ActiveCfg = Debug|Any CPU
		{7D370583-2451-E60C-F6C8-3D4E4FD93E8D}.Debug|x64.Build.0 = Debug|Any CPU
		{7D370583-2451-E60C-F6C8-3D4E4FD93E8D}.Debug|x86.ActiveCfg = Debug|Any CPU
		{7D370583-2451-E60C-F6C8-3D4E4FD93E8D}.Debug|x86.Build.0 = Debug|Any CPU
		{7D370583-2451-E60C-F6C8-3D4E4FD93E8D}.Release|Any CPU.ActiveCfg = Release|Any CPU
		{7D370583-2451-E60C-F6C8-3D4E4FD93E8D}.Release|Any CPU.Build.0 = Release|Any CPU
		{7D370583-2451-E60C-F6C8-3D4E4FD93E8D}.Release|x64.ActiveCfg = Release|Any CPU
		{7D370583-2451-E60C-F6C8-3D4E4FD93E8D}.Release|x64.Build.0 = Release|Any CPU
		{7D370583-2451-E60C-F6C8-3D4E4FD93E8D}.Release|x86.ActiveCfg = Release|Any CPU
		{7D370583-2451-E60C-F6C8-3D4E4FD93E8D}.Release|x86.Build.0 = Release|Any CPU
		{E1C8FC69-2EB5-48A5-A48C-3B25022E4384}.Debug|Any CPU.ActiveCfg = Debug|Any CPU
		{E1C8FC69-2EB5-48A5-A48C-3B25022E4384}.Debug|Any CPU.Build.0 = Debug|Any CPU
		{E1C8FC69-2EB5-48A5-A48C-3B25022E4384}.Debug|x64.ActiveCfg = Debug|Any CPU
		{E1C8FC69-2EB5-48A5-A48C-3B25022E4384}.Debug|x64.Build.0 = Debug|Any CPU
		{E1C8FC69-2EB5-48A5-A48C-3B25022E4384}.Debug|x86.ActiveCfg = Debug|Any CPU
		{E1C8FC69-2EB5-48A5-A48C-3B25022E4384}.Debug|x86.Build.0 = Debug|Any CPU
		{E1C8FC69-2EB5-48A5-A48C-3B25022E4384}.Release|Any CPU.ActiveCfg = Release|Any CPU
		{E1C8FC69-2EB5-48A5-A48C-3B25022E4384}.Release|Any CPU.Build.0 = Release|Any CPU
		{E1C8FC69-2EB5-48A5-A48C-3B25022E4384}.Release|x64.ActiveCfg = Release|Any CPU
		{E1C8FC69-2EB5-48A5-A48C-3B25022E4384}.Release|x64.Build.0 = Release|Any CPU
		{E1C8FC69-2EB5-48A5-A48C-3B25022E4384}.Release|x86.ActiveCfg = Release|Any CPU
		{E1C8FC69-2EB5-48A5-A48C-3B25022E4384}.Release|x86.Build.0 = Release|Any CPU
		{83CDF74F-FE08-4365-AE89-E0CB9C2117A2}.Debug|Any CPU.ActiveCfg = Debug|Any CPU
		{83CDF74F-FE08-4365-AE89-E0CB9C2117A2}.Debug|Any CPU.Build.0 = Debug|Any CPU
		{83CDF74F-FE08-4365-AE89-E0CB9C2117A2}.Debug|x64.ActiveCfg = Debug|Any CPU
		{83CDF74F-FE08-4365-AE89-E0CB9C2117A2}.Debug|x64.Build.0 = Debug|Any CPU
		{83CDF74F-FE08-4365-AE89-E0CB9C2117A2}.Debug|x86.ActiveCfg = Debug|Any CPU
		{83CDF74F-FE08-4365-AE89-E0CB9C2117A2}.Debug|x86.Build.0 = Debug|Any CPU
		{83CDF74F-FE08-4365-AE89-E0CB9C2117A2}.Release|Any CPU.ActiveCfg = Release|Any CPU
		{83CDF74F-FE08-4365-AE89-E0CB9C2117A2}.Release|Any CPU.Build.0 = Release|Any CPU
		{83CDF74F-FE08-4365-AE89-E0CB9C2117A2}.Release|x64.ActiveCfg = Release|Any CPU
		{83CDF74F-FE08-4365-AE89-E0CB9C2117A2}.Release|x64.Build.0 = Release|Any CPU
		{83CDF74F-FE08-4365-AE89-E0CB9C2117A2}.Release|x86.ActiveCfg = Release|Any CPU
		{83CDF74F-FE08-4365-AE89-E0CB9C2117A2}.Release|x86.Build.0 = Release|Any CPU
	EndGlobalSection
	GlobalSection(SolutionProperties) = preSolution
		HideSolutionNode = FALSE
	EndGlobalSection
	GlobalSection(ExtensibilityGlobals) = postSolution
		SolutionGuid = {FEC7099E-231E-49CD-A59A-989AB424A0D5}
	EndGlobalSection
EndGlobal
