Microsoft Visual Studio Solution File, Format Version 12.00
# Visual Studio Version 17
VisualStudioVersion = 17.5.2.0
MinimumVisualStudioVersion = 10.0.40219.1
Project("{2150E333-8FDC-42A3-9474-1A3956D46DE8}") = "MyImmo", "MyImmo", "{945403FC-4DB1-E4C3-DE15-133472595612}"
EndProject
Project("{FAE04EC0-301F-11D3-BF4B-00C04F79EFBC}") = "MyImmo", "MyImmo\MyImmo\MyImmo.csproj", "{7D370583-2451-E60C-F6C8-3D4E4FD93E8D}"
EndProject
Global
	GlobalSection(SolutionConfigurationPlatforms) = preSolution
		Debug|Any CPU = Debug|Any CPU
		Release|Any CPU = Release|Any CPU
	EndGlobalSection
	GlobalSection(ProjectConfigurationPlatforms) = postSolution
		{7D370583-2451-E60C-F6C8-3D4E4FD93E8D}.Debug|Any CPU.ActiveCfg = Debug|Any CPU
		{7D370583-2451-E60C-F6C8-3D4E4FD93E8D}.Debug|Any CPU.Build.0 = Debug|Any CPU
		{7D370583-2451-E60C-F6C8-3D4E4FD93E8D}.Release|Any CPU.ActiveCfg = Release|Any CPU
		{7D370583-2451-E60C-F6C8-3D4E4FD93E8D}.Release|Any CPU.Build.0 = Release|Any CPU
	EndGlobalSection
	GlobalSection(SolutionProperties) = preSolution
		HideSolutionNode = FALSE
	EndGlobalSection
	GlobalSection(NestedProjects) = preSolution
		{7D370583-2451-E60C-F6C8-3D4E4FD93E8D} = {945403FC-4DB1-E4C3-DE15-133472595612}
	EndGlobalSection
	GlobalSection(ExtensibilityGlobals) = postSolution
		SolutionGuid = {FEC7099E-231E-49CD-A59A-989AB424A0D5}
	EndGlobalSection
EndGlobal
